
Microsoft Visual Studio Solution File, Format Version 12.00
# Visual Studio 15
VisualStudioVersion = 15.0.28307.1169
MinimumVisualStudioVersion = 10.0.40219.1
Project("{FAE04EC0-301F-11D3-BF4B-00C04F79EFBC}") = "MensajeroApp", "MensajeroApp\MensajeroApp.csproj", "{D6842D6D-0275-4852-9AF8-D46A80813A6F}"
EndProject
Project("{FAE04EC0-301F-11D3-BF4B-00C04F79EFBC}") = "MensajeroModel", "MensajeroModel\MensajeroModel.csproj", "{E7C77828-0564-420A-824D-A90C35F8E3EB}"
EndProject
Project("{FAE04EC0-301F-11D3-BF4B-00C04F79EFBC}") = "SocketUtils", "SocketUtils\SocketUtils.csproj", "{5AD49FE9-2127-4C34-A666-8E403E0AFE21}"
EndProject
Global
	GlobalSection(SolutionConfigurationPlatforms) = preSolution
		Debug|Any CPU = Debug|Any CPU
		Release|Any CPU = Release|Any CPU
	EndGlobalSection
	GlobalSection(ProjectConfigurationPlatforms) = postSolution
		{D6842D6D-0275-4852-9AF8-D46A80813A6F}.Debug|Any CPU.ActiveCfg = Debug|Any CPU
		{D6842D6D-0275-4852-9AF8-D46A80813A6F}.Debug|Any CPU.Build.0 = Debug|Any CPU
		{D6842D6D-0275-4852-9AF8-D46A80813A6F}.Release|Any CPU.ActiveCfg = Release|Any CPU
		{D6842D6D-0275-4852-9AF8-D46A80813A6F}.Release|Any CPU.Build.0 = Release|Any CPU
		{E7C77828-0564-420A-824D-A90C35F8E3EB}.Debug|Any CPU.ActiveCfg = Debug|Any CPU
		{E7C77828-0564-420A-824D-A90C35F8E3EB}.Debug|Any CPU.Build.0 = Debug|Any CPU
		{E7C77828-0564-420A-824D-A90C35F8E3EB}.Release|Any CPU.ActiveCfg = Release|Any CPU
		{E7C77828-0564-420A-824D-A90C35F8E3EB}.Release|Any CPU.Build.0 = Release|Any CPU
		{5AD49FE9-2127-4C34-A666-8E403E0AFE21}.Debug|Any CPU.ActiveCfg = Debug|Any CPU
		{5AD49FE9-2127-4C34-A666-8E403E0AFE21}.Debug|Any CPU.Build.0 = Debug|Any CPU
		{5AD49FE9-2127-4C34-A666-8E403E0AFE21}.Release|Any CPU.ActiveCfg = Release|Any CPU
		{5AD49FE9-2127-4C34-A666-8E403E0AFE21}.Release|Any CPU.Build.0 = Release|Any CPU
	EndGlobalSection
	GlobalSection(SolutionProperties) = preSolution
		HideSolutionNode = FALSE
	EndGlobalSection
	GlobalSection(ExtensibilityGlobals) = postSolution
		SolutionGuid = {D49F9CC5-877B-4115-A3AC-AA2322D4ADA0}
	EndGlobalSection
EndGlobal
